
Microsoft Visual Studio Solution File, Format Version 12.00
# Visual Studio Version 16
VisualStudioVersion = 16.0.29319.158
MinimumVisualStudioVersion = 10.0.40219.1
Project("{FAE04EC0-301F-11D3-BF4B-00C04F79EFBC}") = "ContactList", "ContactList\ContactList.csproj", "{FD682FE1-B472-45A4-9CE6-F218EBAD38B0}"
EndProject
Global
	GlobalSection(SolutionConfigurationPlatforms) = preSolution
		Debug|Any CPU = Debug|Any CPU
		Release|Any CPU = Release|Any CPU
	EndGlobalSection
	GlobalSection(ProjectConfigurationPlatforms) = postSolution
		{FD682FE1-B472-45A4-9CE6-F218EBAD38B0}.Debug|Any CPU.ActiveCfg = Debug|Any CPU
		{FD682FE1-B472-45A4-9CE6-F218EBAD38B0}.Debug|Any CPU.Build.0 = Debug|Any CPU
		{FD682FE1-B472-45A4-9CE6-F218EBAD38B0}.Release|Any CPU.ActiveCfg = Release|Any CPU
		{FD682FE1-B472-45A4-9CE6-F218EBAD38B0}.Release|Any CPU.Build.0 = Release|Any CPU
	EndGlobalSection
	GlobalSection(SolutionProperties) = preSolution
		HideSolutionNode = FALSE
	EndGlobalSection
	GlobalSection(ExtensibilityGlobals) = postSolution
		SolutionGuid = {E86B6A46-1146-421D-BCAD-AB98EE9C3661}
	EndGlobalSection
EndGlobal
